
Microsoft Visual Studio Solution File, Format Version 12.00
# Visual Studio 2013
VisualStudioVersion = 12.0.30501.0
MinimumVisualStudioVersion = 10.0.40219.1
Project("{FAE04EC0-301F-11D3-BF4B-00C04F79EFBC}") = "1.Persons", "1.OOP-Classes\1.Persons.csproj", "{02CC047E-D889-40DE-A317-E0CEC3D2199C}"
EndProject
Project("{FAE04EC0-301F-11D3-BF4B-00C04F79EFBC}") = "2.Laptop-Shop", "2.Laptop-Shop\2.Laptop-Shop.csproj", "{AA0EDA96-50A6-4641-B646-8A5B5D84B4BF}"
EndProject
Project("{FAE04EC0-301F-11D3-BF4B-00C04F79EFBC}") = "3.PC-Catalog", "3.PC-Catalog\3.PC-Catalog.csproj", "{CA51B277-D6D6-4E5D-8FED-BC4B1EA4F2E8}"
EndProject
Global
	GlobalSection(SolutionConfigurationPlatforms) = preSolution
		Debug|Any CPU = Debug|Any CPU
		Release|Any CPU = Release|Any CPU
	EndGlobalSection
	GlobalSection(ProjectConfigurationPlatforms) = postSolution
		{02CC047E-D889-40DE-A317-E0CEC3D2199C}.Debug|Any CPU.ActiveCfg = Debug|Any CPU
		{02CC047E-D889-40DE-A317-E0CEC3D2199C}.Debug|Any CPU.Build.0 = Debug|Any CPU
		{02CC047E-D889-40DE-A317-E0CEC3D2199C}.Release|Any CPU.ActiveCfg = Release|Any CPU
		{02CC047E-D889-40DE-A317-E0CEC3D2199C}.Release|Any CPU.Build.0 = Release|Any CPU
		{AA0EDA96-50A6-4641-B646-8A5B5D84B4BF}.Debug|Any CPU.ActiveCfg = Debug|Any CPU
		{AA0EDA96-50A6-4641-B646-8A5B5D84B4BF}.Debug|Any CPU.Build.0 = Debug|Any CPU
		{AA0EDA96-50A6-4641-B646-8A5B5D84B4BF}.Release|Any CPU.ActiveCfg = Release|Any CPU
		{AA0EDA96-50A6-4641-B646-8A5B5D84B4BF}.Release|Any CPU.Build.0 = Release|Any CPU
		{CA51B277-D6D6-4E5D-8FED-BC4B1EA4F2E8}.Debug|Any CPU.ActiveCfg = Debug|Any CPU
		{CA51B277-D6D6-4E5D-8FED-BC4B1EA4F2E8}.Debug|Any CPU.Build.0 = Debug|Any CPU
		{CA51B277-D6D6-4E5D-8FED-BC4B1EA4F2E8}.Release|Any CPU.ActiveCfg = Release|Any CPU
		{CA51B277-D6D6-4E5D-8FED-BC4B1EA4F2E8}.Release|Any CPU.Build.0 = Release|Any CPU
	EndGlobalSection
	GlobalSection(SolutionProperties) = preSolution
		HideSolutionNode = FALSE
	EndGlobalSection
EndGlobal
